# THIS IS AN AUTOGENERATED FILE. DO NOT EDIT THIS FILE DIRECTLY.
# yarn lockfile v1


"@types/node@^20.3.1":
  version "20.3.1"
  resolved "https://registry.yarnpkg.com/@types/node/-/node-20.3.1.tgz#e8a83f1aa8b649377bb1fb5d7bac5cb90e784dfe"
  integrity sha512-EhcH/wvidPy1WeML3TtYFGR83UzjxeWRen9V402T8aUGYsCHOmfoisV3ZSg03gAFIbLq8TnWOJ0f4cALtnSEUg==

typescript@^5.2.0-dev.20230618:
  version "5.2.0-dev.20230618"
  resolved "https://registry.yarnpkg.com/typescript/-/typescript-5.2.0-dev.20230618.tgz#a36af5915d38d85c677f3120fd5234a09f64e1de"
  integrity sha512-u/mYXRLwUDy5mtjZAipCNDIyt2PmzbePMB6yy9LFhbZz50EMDR3vhp4qEym3KWXVOfqgp1ZOfpndU0TZefE79A==
